
Microsoft Visual Studio Solution File, Format Version 12.00
# Visual Studio Version 16
VisualStudioVersion = 16.0.30717.126
MinimumVisualStudioVersion = 10.0.40219.1
Project("{FAE04EC0-301F-11D3-BF4B-00C04F79EFBC}") = "Management Sysment", "Management Sysment.csproj", "{B9FD7742-D894-4DCD-A95B-8306FB91AE17}"
EndProject
Global
	GlobalSection(SolutionConfigurationPlatforms) = preSolution
		Debug|Any CPU = Debug|Any CPU
		Release|Any CPU = Release|Any CPU
	EndGlobalSection
	GlobalSection(ProjectConfigurationPlatforms) = postSolution
		{B9FD7742-D894-4DCD-A95B-8306FB91AE17}.Debug|Any CPU.ActiveCfg = Debug|Any CPU
		{B9FD7742-D894-4DCD-A95B-8306FB91AE17}.Debug|Any CPU.Build.0 = Debug|Any CPU
		{B9FD7742-D894-4DCD-A95B-8306FB91AE17}.Release|Any CPU.ActiveCfg = Release|Any CPU
		{B9FD7742-D894-4DCD-A95B-8306FB91AE17}.Release|Any CPU.Build.0 = Release|Any CPU
	EndGlobalSection
	GlobalSection(SolutionProperties) = preSolution
		HideSolutionNode = FALSE
	EndGlobalSection
	GlobalSection(ExtensibilityGlobals) = postSolution
		SolutionGuid = {6F1145FF-67EC-4498-B903-807A720566D6}
	EndGlobalSection
EndGlobal
